// !$*UTF8*$!
{
	archiveVersion = 1;
	classes = {
	};
	objectVersion = 48;
	objects = {

/* Begin PBXBuildFile section */
		8E2E49E020315DBC00AFF973 /* AlamofireImage.framework in Frameworks */ = {isa = PBXBuildFile; fileRef = 8E2E49E120315DBC00AFF973 /* AlamofireImage.framework */; };
		8E9972C020315C5A008E6743 /* Pods_Tumbler.framework in Frameworks */ = {isa = PBXBuildFile; fileRef = 8E9972C120315C5A008E6743 /* Pods_Tumbler.framework */; };
		8EA5F0C320312CEB000321E6 /* AppDelegate.swift in Sources */ = {isa = PBXBuildFile; fileRef = 8EA5F0C220312CEB000321E6 /* AppDelegate.swift */; };
		8EA5F0C820312CEB000321E6 /* Main.storyboard in Resources */ = {isa = PBXBuildFile; fileRef = 8EA5F0C620312CEB000321E6 /* Main.storyboard */; };
		8EA5F0CA20312CEB000321E6 /* Assets.xcassets in Resources */ = {isa = PBXBuildFile; fileRef = 8EA5F0C920312CEB000321E6 /* Assets.xcassets */; };
		8EA5F0CD20312CEB000321E6 /* LaunchScreen.storyboard in Resources */ = {isa = PBXBuildFile; fileRef = 8EA5F0CB20312CEB000321E6 /* LaunchScreen.storyboard */; };
		8EA5F0D920312F94000321E6 /* PhotosViewController.swift in Sources */ = {isa = PBXBuildFile; fileRef = 8EA5F0D820312F94000321E6 /* PhotosViewController.swift */; };
		8EA5F0DB203133DE000321E6 /* PhotoCell.swift in Sources */ = {isa = PBXBuildFile; fileRef = 8EA5F0DA203133DE000321E6 /* PhotoCell.swift */; };
/* End PBXBuildFile section */

/* Begin PBXFileReference section */
		09464BB6496A87B393498B1E /* Pods-Tumbler.release.xcconfig */ = {isa = PBXFileReference; includeInIndex = 1; lastKnownFileType = text.xcconfig; name = "Pods-Tumbler.release.xcconfig"; path = "Pods/Target Support Files/Pods-Tumbler/Pods-Tumbler.release.xcconfig"; sourceTree = "<group>"; };
		8E2E49E120315DBC00AFF973 /* AlamofireImage.framework */ = {isa = PBXFileReference; explicitFileType = wrapper.framework; path = AlamofireImage.framework; sourceTree = BUILT_PRODUCTS_DIR; };
		8E9972C120315C5A008E6743 /* Pods_Tumbler.framework */ = {isa = PBXFileReference; explicitFileType = wrapper.framework; path = Pods_Tumbler.framework; sourceTree = BUILT_PRODUCTS_DIR; };
		8EA5F0BF20312CEB000321E6 /* Tumbler.app */ = {isa = PBXFileReference; explicitFileType = wrapper.application; includeInIndex = 0; path = Tumbler.app; sourceTree = BUILT_PRODUCTS_DIR; };
		8EA5F0C220312CEB000321E6 /* AppDelegate.swift */ = {isa = PBXFileReference; lastKnownFileType = sourcecode.swift; path = AppDelegate.swift; sourceTree = "<group>"; };
		8EA5F0C720312CEB000321E6 /* Base */ = {isa = PBXFileReference; lastKnownFileType = file.storyboard; name = Base; path = Base.lproj/Main.storyboard; sourceTree = "<group>"; };
		8EA5F0C920312CEB000321E6 /* Assets.xcassets */ = {isa = PBXFileReference; lastKnownFileType = folder.assetcatalog; path = Assets.xcassets; sourceTree = "<group>"; };
		8EA5F0CC20312CEB000321E6 /* Base */ = {isa = PBXFileReference; lastKnownFileType = file.storyboard; name = Base; path = Base.lproj/LaunchScreen.storyboard; sourceTree = "<group>"; };
		8EA5F0CE20312CEB000321E6 /* Info.plist */ = {isa = PBXFileReference; lastKnownFileType = text.plist.xml; path = Info.plist; sourceTree = "<group>"; };
		8EA5F0D820312F94000321E6 /* PhotosViewController.swift */ = {isa = PBXFileReference; lastKnownFileType = sourcecode.swift; path = PhotosViewController.swift; sourceTree = "<group>"; };
		8EA5F0DA203133DE000321E6 /* PhotoCell.swift */ = {isa = PBXFileReference; lastKnownFileType = sourcecode.swift; path = PhotoCell.swift; sourceTree = "<group>"; };
		A2C795258D5369E53C4D2CEB /* Pods-Tumbler.debug.xcconfig */ = {isa = PBXFileReference; includeInIndex = 1; lastKnownFileType = text.xcconfig; name = "Pods-Tumbler.debug.xcconfig"; path = "Pods/Target Support Files/Pods-Tumbler/Pods-Tumbler.debug.xcconfig"; sourceTree = "<group>"; };
/* End PBXFileReference section */

/* Begin PBXFrameworksBuildPhase section */
		8EA5F0BC20312CEB000321E6 /* Frameworks */ = {
			isa = PBXFrameworksBuildPhase;
			buildActionMask = 2147483647;
			files = (
				8E2E49E020315DBC00AFF973 /* AlamofireImage.framework in Frameworks */,
				8E9972C020315C5A008E6743 /* Pods_Tumbler.framework in Frameworks */,
			);
			runOnlyForDeploymentPostprocessing = 0;
		};
/* End PBXFrameworksBuildPhase section */

/* Begin PBXGroup section */
		16651295D4DC210A8B181186 /* Pods */ = {
			isa = PBXGroup;
			children = (
				A2C795258D5369E53C4D2CEB /* Pods-Tumbler.debug.xcconfig */,
				09464BB6496A87B393498B1E /* Pods-Tumbler.release.xcconfig */,
			);
			name = Pods;
			sourceTree = "<group>";
		};
		8E9972BF20315C5A008E6743 /* Frameworks */ = {
			isa = PBXGroup;
			children = (
				8E2E49E120315DBC00AFF973 /* AlamofireImage.framework */,
				8E9972C120315C5A008E6743 /* Pods_Tumbler.framework */,
			);
			name = Frameworks;
			sourceTree = "<group>";
		};
		8EA5F0B620312CEB000321E6 = {
			isa = PBXGroup;
			children = (
				8EA5F0C120312CEB000321E6 /* Tumbler */,
				8EA5F0C020312CEB000321E6 /* Products */,
				16651295D4DC210A8B181186 /* Pods */,
				8E9972BF20315C5A008E6743 /* Frameworks */,
			);
			sourceTree = "<group>";
		};
		8EA5F0C020312CEB000321E6 /* Products */ = {
			isa = PBXGroup;
			children = (
				8EA5F0BF20312CEB000321E6 /* Tumbler.app */,
			);
			name = Products;
			sourceTree = "<group>";
		};
		8EA5F0C120312CEB000321E6 /* Tumbler */ = {
			isa = PBXGroup;
			children = (
				8EA5F0D820312F94000321E6 /* PhotosViewController.swift */,
				8EA5F0DA203133DE000321E6 /* PhotoCell.swift */,
				8EA5F0C220312CEB000321E6 /* AppDelegate.swift */,
				8EA5F0C620312CEB000321E6 /* Main.storyboard */,
				8EA5F0C920312CEB000321E6 /* Assets.xcassets */,
				8EA5F0CB20312CEB000321E6 /* LaunchScreen.storyboard */,
				8EA5F0CE20312CEB000321E6 /* Info.plist */,
			);
			path = Tumbler;
			sourceTree = "<group>";
		};
/* End PBXGroup section */

/* Begin PBXNativeTarget section */
		8EA5F0BE20312CEB000321E6 /* Tumbler */ = {
			isa = PBXNativeTarget;
			buildConfigurationList = 8EA5F0D120312CEB000321E6 /* Build configuration list for PBXNativeTarget "Tumbler" */;
			buildPhases = (
				0243AABE80D3BFFD749B306D /* [CP] Check Pods Manifest.lock */,
				8EA5F0BB20312CEB000321E6 /* Sources */,
				8EA5F0BC20312CEB000321E6 /* Frameworks */,
				8EA5F0BD20312CEB000321E6 /* Resources */,
				682049B467BC9342EDF27C71 /* [CP] Embed Pods Frameworks */,
				D1EB9E932157BE14C3AD3B4B /* [CP] Copy Pods Resources */,
			);
			buildRules = (
			);
			dependencies = (
			);
			name = Tumbler;
			productName = Tumbler;
			productReference = 8EA5F0BF20312CEB000321E6 /* Tumbler.app */;
			productType = "com.apple.product-type.application";
		};
/* End PBXNativeTarget section */

/* Begin PBXProject section */
		8EA5F0B720312CEB000321E6 /* Project object */ = {
			isa = PBXProject;
			attributes = {
				LastSwiftUpdateCheck = 0920;
				LastUpgradeCheck = 0920;
				ORGANIZATIONNAME = "Jimin Cheon";
				TargetAttributes = {
					8EA5F0BE20312CEB000321E6 = {
						CreatedOnToolsVersion = 9.2;
						ProvisioningStyle = Automatic;
					};
				};
			};
			buildConfigurationList = 8EA5F0BA20312CEB000321E6 /* Build configuration list for PBXProject "Tumbler" */;
			compatibilityVersion = "Xcode 8.0";
			developmentRegion = en;
			hasScannedForEncodings = 0;
			knownRegions = (
				en,
				Base,
			);
			mainGroup = 8EA5F0B620312CEB000321E6;
			productRefGroup = 8EA5F0C020312CEB000321E6 /* Products */;
			projectDirPath = "";
			projectRoot = "";
			targets = (
				8EA5F0BE20312CEB000321E6 /* Tumbler */,
			);
		};
/* End PBXProject section */

/* Begin PBXResourcesBuildPhase section */
		8EA5F0BD20312CEB000321E6 /* Resources */ = {
			isa = PBXResourcesBuildPhase;
			buildActionMask = 2147483647;
			files = (
				8EA5F0CD20312CEB000321E6 /* LaunchScreen.storyboard in Resources */,
				8EA5F0CA20312CEB000321E6 /* Assets.xcassets in Resources */,
				8EA5F0C820312CEB000321E6 /* Main.storyboard in Resources */,
			);
			runOnlyForDeploymentPostprocessing = 0;
		};
/* End PBXResourcesBuildPhase section */

/* Begin PBXShellScriptBuildPhase section */
		0243AABE80D3BFFD749B306D /* [CP] Check Pods Manifest.lock */ = {
			isa = PBXShellScriptBuildPhase;
			buildActionMask = 2147483647;
			files = (
			);
			inputPaths = (
				"${PODS_PODFILE_DIR_PATH}/Podfile.lock",
				"${PODS_ROOT}/Manifest.lock",
			);
			name = "[CP] Check Pods Manifest.lock";
			outputPaths = (
				"$(DERIVED_FILE_DIR)/Pods-Tumbler-checkManifestLockResult.txt",
			);
			runOnlyForDeploymentPostprocessing = 0;
			shellPath = /bin/sh;
			shellScript = "diff \"${PODS_PODFILE_DIR_PATH}/Podfile.lock\" \"${PODS_ROOT}/Manifest.lock\" > /dev/null\nif [ $? != 0 ] ; then\n    # print error to STDERR\n    echo \"error: The sandbox is not in sync with the Podfile.lock. Run 'pod install' or update your CocoaPods installation.\" >&2\n    exit 1\nfi\n# This output is used by Xcode 'outputs' to avoid re-running this script phase.\necho \"SUCCESS\" > \"${SCRIPT_OUTPUT_FILE_0}\"\n";
			showEnvVarsInLog = 0;
		};
		682049B467BC9342EDF27C71 /* [CP] Embed Pods Frameworks */ = {
			isa = PBXShellScriptBuildPhase;
			buildActionMask = 2147483647;
			files = (
			);
			inputPaths = (
				"${SRCROOT}/Pods/Target Support Files/Pods-Tumbler/Pods-Tumbler-frameworks.sh",
				"${BUILT_PRODUCTS_DIR}/Alamofire/Alamofire.framework",
				"${BUILT_PRODUCTS_DIR}/AlamofireImage/AlamofireImage.framework",
			);
			name = "[CP] Embed Pods Frameworks";
			outputPaths = (
				"${TARGET_BUILD_DIR}/${FRAMEWORKS_FOLDER_PATH}/Alamofire.framework",
				"${TARGET_BUILD_DIR}/${FRAMEWORKS_FOLDER_PATH}/AlamofireImage.framework",
			);
			runOnlyForDeploymentPostprocessing = 0;
			shellPath = /bin/sh;
			shellScript = "\"${SRCROOT}/Pods/Target Support Files/Pods-Tumbler/Pods-Tumbler-frameworks.sh\"\n";
			showEnvVarsInLog = 0;
		};
		D1EB9E932157BE14C3AD3B4B /* [CP] Copy Pods Resources */ = {
			isa = PBXShellScriptBuildPhase;
			buildActionMask = 2147483647;
			files = (
			);
			inputPaths = (
			);
			name = "[CP] Copy Pods Resources";
			outputPaths = (
			);
			runOnlyForDeploymentPostprocessing = 0;
			shellPath = /bin/sh;
			shellScript = "\"${SRCROOT}/Pods/Target Support Files/Pods-Tumbler/Pods-Tumbler-resources.sh\"\n";
			showEnvVarsInLog = 0;
		};
/* End PBXShellScriptBuildPhase section */

/* Begin PBXSourcesBuildPhase section */
		8EA5F0BB20312CEB000321E6 /* Sources */ = {
			isa = PBXSourcesBuildPhase;
			buildActionMask = 2147483647;
			files = (
				8EA5F0C320312CEB000321E6 /* AppDelegate.swift in Sources */,
				8EA5F0DB203133DE000321E6 /* PhotoCell.swift in Sources */,
				8EA5F0D920312F94000321E6 /* PhotosViewController.swift in Sources */,
			);
			runOnlyForDeploymentPostprocessing = 0;
		};
/* End PBXSourcesBuildPhase section */

/* Begin PBXVariantGroup section */
		8EA5F0C620312CEB000321E6 /* Main.storyboard */ = {
			isa = PBXVariantGroup;
			children = (
				8EA5F0C720312CEB000321E6 /* Base */,
			);
			name = Main.storyboard;
			sourceTree = "<group>";
		};
		8EA5F0CB20312CEB000321E6 /* LaunchScreen.storyboard */ = {
			isa = PBXVariantGroup;
			children = (
				8EA5F0CC20312CEB000321E6 /* Base */,
			);
			name = LaunchScreen.storyboard;
			sourceTree = "<group>";
		};
/* End PBXVariantGroup section */

/* Begin XCBuildConfiguration section */
		8EA5F0CF20312CEB000321E6 /* Debug */ = {
			isa = XCBuildConfiguration;
			buildSettings = {
				ALWAYS_SEARCH_USER_PATHS = NO;
				CLANG_ANALYZER_NONNULL = YES;
				CLANG_ANALYZER_NUMBER_OBJECT_CONVERSION = YES_AGGRESSIVE;
				CLANG_CXX_LANGUAGE_STANDARD = "gnu++14";
				CLANG_CXX_LIBRARY = "libc++";
				CLANG_ENABLE_MODULES = YES;
				CLANG_ENABLE_OBJC_ARC = YES;
				CLANG_WARN_BLOCK_CAPTURE_AUTORELEASING = YES;
				CLANG_WARN_BOOL_CONVERSION = YES;
				CLANG_WARN_COMMA = YES;
				CLANG_WARN_CONSTANT_CONVERSION = YES;
				CLANG_WARN_DIRECT_OBJC_ISA_USAGE = YES_ERROR;
				CLANG_WARN_DOCUMENTATION_COMMENTS = YES;
				CLANG_WARN_EMPTY_BODY = YES;
				CLANG_WARN_ENUM_CONVERSION = YES;
				CLANG_WARN_INFINITE_RECURSION = YES;
				CLANG_WARN_INT_CONVERSION = YES;
				CLANG_WARN_NON_LITERAL_NULL_CONVERSION = YES;
				CLANG_WARN_OBJC_LITERAL_CONVERSION = YES;
				CLANG_WARN_OBJC_ROOT_CLASS = YES_ERROR;
				CLANG_WARN_RANGE_LOOP_ANALYSIS = YES;
				CLANG_WARN_STRICT_PROTOTYPES = YES;
				CLANG_WARN_SUSPICIOUS_MOVE = YES;
				CLANG_WARN_UNGUARDED_AVAILABILITY = YES_AGGRESSIVE;
				CLANG_WARN_UNREACHABLE_CODE = YES;
				CLANG_WARN__DUPLICATE_METHOD_MATCH = YES;
				CODE_SIGN_IDENTITY = "iPhone Developer";
				COPY_PHASE_STRIP = NO;
				DEBUG_INFORMATION_FORMAT = dwarf;
				ENABLE_STRICT_OBJC_MSGSEND = YES;
				ENABLE_TESTABILITY = YES;
				GCC_C_LANGUAGE_STANDARD = gnu11;
				GCC_DYNAMIC_NO_PIC = NO;
				GCC_NO_COMMON_BLOCKS = YES;
				GCC_OPTIMIZATION_LEVEL = 0;
				GCC_PREPROCESSOR_DEFINITIONS = (
					"DEBUG=1",
					"$(inherited)",
				);
				GCC_WARN_64_TO_32_BIT_CONVERSION = YES;
				GCC_WARN_ABOUT_RETURN_TYPE = YES_ERROR;
				GCC_WARN_UNDECLARED_SELECTOR = YES;
				GCC_WARN_UNINITIALIZED_AUTOS = YES_AGGRESSIVE;
				GCC_WARN_UNUSED_FUNCTION = YES;
				GCC_WARN_UNUSED_VARIABLE = YES;
				IPHONEOS_DEPLOYMENT_TARGET = 11.2;
				MTL_ENABLE_DEBUG_INFO = YES;
				ONLY_ACTIVE_ARCH = YES;
				SDKROOT = iphoneos;
				SWIFT_ACTIVE_COMPILATION_CONDITIONS = DEBUG;
				SWIFT_OPTIMIZATION_LEVEL = "-Onone";
			};
			name = Debug;
		};
		8EA5F0D020312CEB000321E6 /* Release */ = {
			isa = XCBuildConfiguration;
			buildSettings = {
				ALWAYS_SEARCH_USER_PATHS = NO;
				CLANG_ANALYZER_NONNULL = YES;
				CLANG_ANALYZER_NUMBER_OBJECT_CONVERSION = YES_AGGRESSIVE;
				CLANG_CXX_LANGUAGE_STANDARD = "gnu++14";
				CLANG_CXX_LIBRARY = "libc++";
				CLANG_ENABLE_MODULES = YES;
				CLANG_ENABLE_OBJC_ARC = YES;
				CLANG_WARN_BLOCK_CAPTURE_AUTORELEASING = YES;
				CLANG_WARN_BOOL_CONVERSION = YES;
				CLANG_WARN_COMMA = YES;
				CLANG_WARN_CONSTANT_CONVERSION = YES;
				CLANG_WARN_DIRECT_OBJC_ISA_USAGE = YES_ERROR;
				CLANG_WARN_DOCUMENTATION_COMMENTS = YES;
				CLANG_WARN_EMPTY_BODY = YES;
				CLANG_WARN_ENUM_CONVERSION = YES;
				CLANG_WARN_INFINITE_RECURSION = YES;
				CLANG_WARN_INT_CONVERSION = YES;
				CLANG_WARN_NON_LITERAL_NULL_CONVERSION = YES;
				CLANG_WARN_OBJC_LITERAL_CONVERSION = YES;
				CLANG_WARN_OBJC_ROOT_CLASS = YES_ERROR;
				CLANG_WARN_RANGE_LOOP_ANALYSIS = YES;
				CLANG_WARN_STRICT_PROTOTYPES = YES;
				CLANG_WARN_SUSPICIOUS_MOVE = YES;
				CLANG_WARN_UNGUARDED_AVAILABILITY = YES_AGGRESSIVE;
				CLANG_WARN_UNREACHABLE_CODE = YES;
				CLANG_WARN__DUPLICATE_METHOD_MATCH = YES;
				CODE_SIGN_IDENTITY = "iPhone Developer";
				COPY_PHASE_STRIP = NO;
				DEBUG_INFORMATION_FORMAT = "dwarf-with-dsym";
				ENABLE_NS_ASSERTIONS = NO;
				ENABLE_STRICT_OBJC_MSGSEND = YES;
				GCC_C_LANGUAGE_STANDARD = gnu11;
				GCC_NO_COMMON_BLOCKS = YES;
				GCC_WARN_64_TO_32_BIT_CONVERSION = YES;
				GCC_WARN_ABOUT_RETURN_TYPE = YES_ERROR;
				GCC_WARN_UNDECLARED_SELECTOR = YES;
				GCC_WARN_UNINITIALIZED_AUTOS = YES_AGGRESSIVE;
				GCC_WARN_UNUSED_FUNCTION = YES;
				GCC_WARN_UNUSED_VARIABLE = YES;
				IPHONEOS_DEPLOYMENT_TARGET = 11.2;
				MTL_ENABLE_DEBUG_INFO = NO;
				SDKROOT = iphoneos;
				SWIFT_OPTIMIZATION_LEVEL = "-Owholemodule";
				VALIDATE_PRODUCT = YES;
			};
			name = Release;
		};
		8EA5F0D220312CEB000321E6 /* Debug */ = {
			isa = XCBuildConfiguration;
			baseConfigurationReference = A2C795258D5369E53C4D2CEB /* Pods-Tumbler.debug.xcconfig */;
			buildSettings = {
				ASSETCATALOG_COMPILER_APPICON_NAME = AppIcon;
				CODE_SIGN_STYLE = Automatic;
				INFOPLIST_FILE = Tumbler/Info.plist;
				LD_RUNPATH_SEARCH_PATHS = "$(inherited) @executable_path/Frameworks";
				PRODUCT_BUNDLE_IDENTIFIER = com.Jimin.Tumbler;
				PRODUCT_NAME = "$(TARGET_NAME)";
				SWIFT_VERSION = 4.0;
				TARGETED_DEVICE_FAMILY = "1,2";
			};
			name = Debug;
		};
		8EA5F0D320312CEB000321E6 /* Release */ = {
			isa = XCBuildConfiguration;
			baseConfigurationReference = 09464BB6496A87B393498B1E /* Pods-Tumbler.release.xcconfig */;
			buildSettings = {
				ASSETCATALOG_COMPILER_APPICON_NAME = AppIcon;
				CODE_SIGN_STYLE = Automatic;
				INFOPLIST_FILE = Tumbler/Info.plist;
				LD_RUNPATH_SEARCH_PATHS = "$(inherited) @executable_path/Frameworks";
				PRODUCT_BUNDLE_IDENTIFIER = com.Jimin.Tumbler;
				PRODUCT_NAME = "$(TARGET_NAME)";
				SWIFT_VERSION = 4.0;
				TARGETED_DEVICE_FAMILY = "1,2";
			};
			name = Release;
		};
/* End XCBuildConfiguration section */

/* Begin XCConfigurationList section */
		8EA5F0BA20312CEB000321E6 /* Build configuration list for PBXProject "Tumbler" */ = {
			isa = XCConfigurationList;
			buildConfigurations = (
				8EA5F0CF20312CEB000321E6 /* Debug */,
				8EA5F0D020312CEB000321E6 /* Release */,
			);
			defaultConfigurationIsVisible = 0;
			defaultConfigurationName = Release;
		};
		8EA5F0D120312CEB000321E6 /* Build configuration list for PBXNativeTarget "Tumbler" */ = {
			isa = XCConfigurationList;
			buildConfigurations = (
				8EA5F0D220312CEB000321E6 /* Debug */,
				8EA5F0D320312CEB000321E6 /* Release */,
			);
			defaultConfigurationIsVisible = 0;
			defaultConfigurationName = Release;
		};
/* End XCConfigurationList section */
	};
	rootObject = 8EA5F0B720312CEB000321E6 /* Project object */;
}
